
Microsoft Visual Studio Solution File, Format Version 12.00
# Visual Studio Express 2012 for Windows Phone
Project("{FAE04EC0-301F-11D3-BF4B-00C04F79EFBC}") = "Blocker", "Blocker\Blocker\Blocker.csproj", "{2C37458F-BDB8-4871-A493-E8902C6666A2}"
EndProject
Project("{96E2B04D-8817-42C6-938A-82C39BA4D311}") = "BlockerContent", "Blocker\BlockerContent\BlockerContent.contentproj", "{181231EE-897B-4E9D-87B0-232ED50ECA52}"
EndProject
Global
	GlobalSection(SolutionConfigurationPlatforms) = preSolution
		Debug|Windows Phone = Debug|Windows Phone
		Release|Windows Phone = Release|Windows Phone
	EndGlobalSection
	GlobalSection(ProjectConfigurationPlatforms) = postSolution
		{2C37458F-BDB8-4871-A493-E8902C6666A2}.Debug|Windows Phone.ActiveCfg = Debug|Windows Phone
		{2C37458F-BDB8-4871-A493-E8902C6666A2}.Debug|Windows Phone.Build.0 = Debug|Windows Phone
		{2C37458F-BDB8-4871-A493-E8902C6666A2}.Debug|Windows Phone.Deploy.0 = Debug|Windows Phone
		{2C37458F-BDB8-4871-A493-E8902C6666A2}.Release|Windows Phone.ActiveCfg = Release|Windows Phone
		{2C37458F-BDB8-4871-A493-E8902C6666A2}.Release|Windows Phone.Build.0 = Release|Windows Phone
		{2C37458F-BDB8-4871-A493-E8902C6666A2}.Release|Windows Phone.Deploy.0 = Release|Windows Phone
		{181231EE-897B-4E9D-87B0-232ED50ECA52}.Debug|Windows Phone.ActiveCfg = Debug|Windows Phone
		{181231EE-897B-4E9D-87B0-232ED50ECA52}.Release|Windows Phone.ActiveCfg = Release|Windows Phone
	EndGlobalSection
	GlobalSection(SolutionProperties) = preSolution
		HideSolutionNode = FALSE
	EndGlobalSection
EndGlobal
